PODS:
  - Alamofire (4.7.3)
  - SnapKit (4.0.0)

DEPENDENCIES:
  - Alamofire (~> 4.5)
  - SnapKit (~> 4.0.0)

SPEC REPOS:
  https://github.com/cocoapods/specs.git:
    - Alamofire
    - SnapKit

SPEC CHECKSUMS:
  Alamofire: c7287b6e5d7da964a70935e5db17046b7fde6568
  SnapKit: a42d492c16e80209130a3379f73596c3454b7694

PODFILE CHECKSUM: eb70a88984ec810be9bfad7699d2b7c80e10b91a

COCOAPODS: 1.5.3
