// !$*UTF8*$!
{
	archiveVersion = 1;
	classes = {
	};
	objectVersion = 50;
	objects = {

/* Begin PBXBuildFile section */
		06894B762172D91C00BB221A /* Assets.xcassets in Resources */ = {isa = PBXBuildFile; fileRef = 06894B752172D91C00BB221A /* Assets.xcassets */; };
		86019BF520FB76100018A6CA /* PhotoEditorViewController.swift in Sources */ = {isa = PBXBuildFile; fileRef = 86019BF420FB76100018A6CA /* PhotoEditorViewController.swift */; };
		862C0787210DFD32001713FB /* BookViewController.swift in Sources */ = {isa = PBXBuildFile; fileRef = 862C0786210DFD32001713FB /* BookViewController.swift */; };
		862C078921109230001713FB /* BookDetailViewController.swift in Sources */ = {isa = PBXBuildFile; fileRef = 862C078821109230001713FB /* BookDetailViewController.swift */; };
		862C07952116F90A001713FB /* MovieDetailViewController.swift in Sources */ = {isa = PBXBuildFile; fileRef = 862C07942116F90A001713FB /* MovieDetailViewController.swift */; };
		862C0799211881CF001713FB /* PhotoDetailViewController.swift in Sources */ = {isa = PBXBuildFile; fileRef = 862C0798211881CF001713FB /* PhotoDetailViewController.swift */; };
		862C079C21188DAB001713FB /* ProfileViewController.swift in Sources */ = {isa = PBXBuildFile; fileRef = 862C079B21188DAB001713FB /* ProfileViewController.swift */; };
		863B1FF3210432D900BDAA0A /* View.xib in Resources */ = {isa = PBXBuildFile; fileRef = 863B1FF2210432D900BDAA0A /* View.xib */; };
		8641A3BF20EFB54A00BBC5A4 /* AppDelegate.swift in Sources */ = {isa = PBXBuildFile; fileRef = 8641A3BE20EFB54A00BBC5A4 /* AppDelegate.swift */; };
		8641A3C120EFB54A00BBC5A4 /* HomeController.swift in Sources */ = {isa = PBXBuildFile; fileRef = 8641A3C020EFB54A00BBC5A4 /* HomeController.swift */; };
		8641A3C720EFB54A00BBC5A4 /* toyproject.xcdatamodeld in Sources */ = {isa = PBXBuildFile; fileRef = 8641A3C520EFB54A00BBC5A4 /* toyproject.xcdatamodeld */; };
		8641A3CC20EFB55000BBC5A4 /* LaunchScreen.storyboard in Resources */ = {isa = PBXBuildFile; fileRef = 8641A3CA20EFB55000BBC5A4 /* LaunchScreen.storyboard */; };
		8641A3F520F1059900BBC5A4 /* MenuBar.swift in Sources */ = {isa = PBXBuildFile; fileRef = 8641A3F420F1059900BBC5A4 /* MenuBar.swift */; };
		8641A3F720F1E75B00BBC5A4 /* PhotoViewController.swift in Sources */ = {isa = PBXBuildFile; fileRef = 8641A3F620F1E75B00BBC5A4 /* PhotoViewController.swift */; };
		8641A3F920F1F83900BBC5A4 /* PhotoCell.swift in Sources */ = {isa = PBXBuildFile; fileRef = 8641A3F820F1F83900BBC5A4 /* PhotoCell.swift */; };
		8641A3FB20F1F9AB00BBC5A4 /* PinterrestLayout.swift in Sources */ = {isa = PBXBuildFile; fileRef = 8641A3FA20F1F9AB00BBC5A4 /* PinterrestLayout.swift */; };
		8641A3FD20F210EC00BBC5A4 /* MovieCell.swift in Sources */ = {isa = PBXBuildFile; fileRef = 8641A3FC20F210EC00BBC5A4 /* MovieCell.swift */; };
		8641A3FF20F21CA500BBC5A4 /* MovieViewController.swift in Sources */ = {isa = PBXBuildFile; fileRef = 8641A3FE20F21CA500BBC5A4 /* MovieViewController.swift */; };
		8642A262211FC485004509CC /* Content.swift in Sources */ = {isa = PBXBuildFile; fileRef = 8642A261211FC485004509CC /* Content.swift */; };
		8642A26521204763004509CC /* ApiService.swift in Sources */ = {isa = PBXBuildFile; fileRef = 8642A26421204763004509CC /* ApiService.swift */; };
		8642A26721208610004509CC /* BookCell.swift in Sources */ = {isa = PBXBuildFile; fileRef = 8642A26621208610004509CC /* BookCell.swift */; };
		865D615B211D86EA003F033D /* VideoDetailViewController.swift in Sources */ = {isa = PBXBuildFile; fileRef = 865D615A211D86EA003F033D /* VideoDetailViewController.swift */; };
		865D615D211EF8A9003F033D /* VideoCollectionViewCell.swift in Sources */ = {isa = PBXBuildFile; fileRef = 865D615C211EF8A9003F033D /* VideoCollectionViewCell.swift */; };
		865D615F211EF997003F033D /* VideoCell.swift in Sources */ = {isa = PBXBuildFile; fileRef = 865D615E211EF997003F033D /* VideoCell.swift */; };
		86B5675E20F38DD600D2723A /* Extensions.swift in Sources */ = {isa = PBXBuildFile; fileRef = 86B5675D20F38DD600D2723A /* Extensions.swift */; };
		86B5676020F4F3D800D2723A /* PostCell.swift in Sources */ = {isa = PBXBuildFile; fileRef = 86B5675F20F4F3D800D2723A /* PostCell.swift */; };
		86BB346321058EAF002351F8 /* PostEditorPhotoCollectionView.swift in Sources */ = {isa = PBXBuildFile; fileRef = 86BB346221058EAF002351F8 /* PostEditorPhotoCollectionView.swift */; };
		86BB34672105CD9E002351F8 /* PostEditorPhotoPreviewCollectionView.swift in Sources */ = {isa = PBXBuildFile; fileRef = 86BB34662105CD9E002351F8 /* PostEditorPhotoPreviewCollectionView.swift */; };
		86BB3479210869E1002351F8 /* PostEditorPhotoPickerController.swift in Sources */ = {isa = PBXBuildFile; fileRef = 86BB3478210869E1002351F8 /* PostEditorPhotoPickerController.swift */; };
		86D1BE01210C62820020F244 /* GameViewController.swift in Sources */ = {isa = PBXBuildFile; fileRef = 86D1BE00210C62820020F244 /* GameViewController.swift */; };
		86D1BE0A210C647A0020F244 /* NanumPen.ttf in Resources */ = {isa = PBXBuildFile; fileRef = 86D1BE02210C64730020F244 /* NanumPen.ttf */; };
		86D1BE0B210C647A0020F244 /* NanumGothicBold.ttf in Resources */ = {isa = PBXBuildFile; fileRef = 86D1BE03210C64740020F244 /* NanumGothicBold.ttf */; };
		86D1BE0C210C647A0020F244 /* NanumBrush.ttf in Resources */ = {isa = PBXBuildFile; fileRef = 86D1BE04210C64760020F244 /* NanumBrush.ttf */; };
		86D1BE0D210C647A0020F244 /* NanumGothic.ttf in Resources */ = {isa = PBXBuildFile; fileRef = 86D1BE05210C64770020F244 /* NanumGothic.ttf */; };
		86D1BE0E210C647A0020F244 /* NanumMyeongjoExtraBold.ttf in Resources */ = {isa = PBXBuildFile; fileRef = 86D1BE06210C64780020F244 /* NanumMyeongjoExtraBold.ttf */; };
		86D1BE0F210C647A0020F244 /* NanumMyeongjoBold.ttf in Resources */ = {isa = PBXBuildFile; fileRef = 86D1BE07210C64790020F244 /* NanumMyeongjoBold.ttf */; };
		86D1BE10210C647A0020F244 /* NanumMyeongjo.ttf in Resources */ = {isa = PBXBuildFile; fileRef = 86D1BE08210C64790020F244 /* NanumMyeongjo.ttf */; };
		86D1BE11210C647A0020F244 /* NanumGothicExtraBold.ttf in Resources */ = {isa = PBXBuildFile; fileRef = 86D1BE09210C647A0020F244 /* NanumGothicExtraBold.ttf */; };
		86D1BE13210D5C5E0020F244 /* GameDetailViewController.swift in Sources */ = {isa = PBXBuildFile; fileRef = 86D1BE12210D5C5E0020F244 /* GameDetailViewController.swift */; };
		86EC7DD5210470AF005802FB /* PostEditorViewController.swift in Sources */ = {isa = PBXBuildFile; fileRef = 86EC7DD4210470AF005802FB /* PostEditorViewController.swift */; };
		C30C6C8835C7A55E3F24207D /* Pods_toyproject.framework in Frameworks */ = {isa = PBXBuildFile; fileRef = D43C0FFF8C5841BACAA043A0 /* Pods_toyproject.framework */; };
/* End PBXBuildFile section */

/* Begin PBXFileReference section */
		06894B752172D91C00BB221A /* Assets.xcassets */ = {isa = PBXFileReference; lastKnownFileType = folder.assetcatalog; path = Assets.xcassets; sourceTree = "<group>"; };
		86019BF420FB76100018A6CA /* PhotoEditorViewController.swift */ = {isa = PBXFileReference; lastKnownFileType = sourcecode.swift; path = PhotoEditorViewController.swift; sourceTree = "<group>"; };
		862C0786210DFD32001713FB /* BookViewController.swift */ = {isa = PBXFileReference; lastKnownFileType = sourcecode.swift; path = BookViewController.swift; sourceTree = "<group>"; };
		862C078821109230001713FB /* BookDetailViewController.swift */ = {isa = PBXFileReference; lastKnownFileType = sourcecode.swift; path = BookDetailViewController.swift; sourceTree = "<group>"; };
		862C07942116F90A001713FB /* MovieDetailViewController.swift */ = {isa = PBXFileReference; lastKnownFileType = sourcecode.swift; path = MovieDetailViewController.swift; sourceTree = "<group>"; };
		862C0798211881CF001713FB /* PhotoDetailViewController.swift */ = {isa = PBXFileReference; lastKnownFileType = sourcecode.swift; path = PhotoDetailViewController.swift; sourceTree = "<group>"; };
		862C079B21188DAB001713FB /* ProfileViewController.swift */ = {isa = PBXFileReference; lastKnownFileType = sourcecode.swift; path = ProfileViewController.swift; sourceTree = "<group>"; };
		863B1FF2210432D900BDAA0A /* View.xib */ = {isa = PBXFileReference; lastKnownFileType = file.xib; path = View.xib; sourceTree = "<group>"; };
		8641A3BB20EFB54A00BBC5A4 /* toyproject.app */ = {isa = PBXFileReference; explicitFileType = wrapper.application; includeInIndex = 0; path = toyproject.app; sourceTree = BUILT_PRODUCTS_DIR; };
		8641A3BE20EFB54A00BBC5A4 /* AppDelegate.swift */ = {isa = PBXFileReference; lastKnownFileType = sourcecode.swift; path = AppDelegate.swift; sourceTree = "<group>"; };
		8641A3C020EFB54A00BBC5A4 /* HomeController.swift */ = {isa = PBXFileReference; lastKnownFileType = sourcecode.swift; path = HomeController.swift; sourceTree = "<group>"; };
		8641A3C620EFB54A00BBC5A4 /* toyproject.xcdatamodel */ = {isa = PBXFileReference; lastKnownFileType = wrapper.xcdatamodel; path = toyproject.xcdatamodel; sourceTree = "<group>"; };
		8641A3CB20EFB55000BBC5A4 /* Base */ = {isa = PBXFileReference; lastKnownFileType = file.storyboard; name = Base; path = Base.lproj/LaunchScreen.storyboard; sourceTree = "<group>"; };
		8641A3CD20EFB55000BBC5A4 /* Info.plist */ = {isa = PBXFileReference; lastKnownFileType = text.plist.xml; path = Info.plist; sourceTree = "<group>"; };
		8641A3F420F1059900BBC5A4 /* MenuBar.swift */ = {isa = PBXFileReference; lastKnownFileType = sourcecode.swift; path = MenuBar.swift; sourceTree = "<group>"; };
		8641A3F620F1E75B00BBC5A4 /* PhotoViewController.swift */ = {isa = PBXFileReference; lastKnownFileType = sourcecode.swift; path = PhotoViewController.swift; sourceTree = "<group>"; };
		8641A3F820F1F83900BBC5A4 /* PhotoCell.swift */ = {isa = PBXFileReference; lastKnownFileType = sourcecode.swift; path = PhotoCell.swift; sourceTree = "<group>"; };
		8641A3FA20F1F9AB00BBC5A4 /* PinterrestLayout.swift */ = {isa = PBXFileReference; lastKnownFileType = sourcecode.swift; path = PinterrestLayout.swift; sourceTree = "<group>"; };
		8641A3FC20F210EC00BBC5A4 /* MovieCell.swift */ = {isa = PBXFileReference; lastKnownFileType = sourcecode.swift; path = MovieCell.swift; sourceTree = "<group>"; };
		8641A3FE20F21CA500BBC5A4 /* MovieViewController.swift */ = {isa = PBXFileReference; lastKnownFileType = sourcecode.swift; path = MovieViewController.swift; sourceTree = "<group>"; };
		8642A261211FC485004509CC /* Content.swift */ = {isa = PBXFileReference; lastKnownFileType = sourcecode.swift; path = Content.swift; sourceTree = "<group>"; };
		8642A26421204763004509CC /* ApiService.swift */ = {isa = PBXFileReference; lastKnownFileType = sourcecode.swift; path = ApiService.swift; sourceTree = "<group>"; };
		8642A26621208610004509CC /* BookCell.swift */ = {isa = PBXFileReference; lastKnownFileType = sourcecode.swift; path = BookCell.swift; sourceTree = "<group>"; };
		865D615A211D86EA003F033D /* VideoDetailViewController.swift */ = {isa = PBXFileReference; lastKnownFileType = sourcecode.swift; path = VideoDetailViewController.swift; sourceTree = "<group>"; };
		865D615C211EF8A9003F033D /* VideoCollectionViewCell.swift */ = {isa = PBXFileReference; lastKnownFileType = sourcecode.swift; path = VideoCollectionViewCell.swift; sourceTree = "<group>"; };
		865D615E211EF997003F033D /* VideoCell.swift */ = {isa = PBXFileReference; lastKnownFileType = sourcecode.swift; path = VideoCell.swift; sourceTree = "<group>"; };
		86B5675D20F38DD600D2723A /* Extensions.swift */ = {isa = PBXFileReference; lastKnownFileType = sourcecode.swift; path = Extensions.swift; sourceTree = "<group>"; };
		86B5675F20F4F3D800D2723A /* PostCell.swift */ = {isa = PBXFileReference; lastKnownFileType = sourcecode.swift; path = PostCell.swift; sourceTree = "<group>"; };
		86BB346221058EAF002351F8 /* PostEditorPhotoCollectionView.swift */ = {isa = PBXFileReference; lastKnownFileType = sourcecode.swift; path = PostEditorPhotoCollectionView.swift; sourceTree = "<group>"; };
		86BB34662105CD9E002351F8 /* PostEditorPhotoPreviewCollectionView.swift */ = {isa = PBXFileReference; lastKnownFileType = sourcecode.swift; path = PostEditorPhotoPreviewCollectionView.swift; sourceTree = "<group>"; };
		86BB3478210869E1002351F8 /* PostEditorPhotoPickerController.swift */ = {isa = PBXFileReference; lastKnownFileType = sourcecode.swift; path = PostEditorPhotoPickerController.swift; sourceTree = "<group>"; };
		86D1BE00210C62820020F244 /* GameViewController.swift */ = {isa = PBXFileReference; lastKnownFileType = sourcecode.swift; path = GameViewController.swift; sourceTree = "<group>"; };
		86D1BE02210C64730020F244 /* NanumPen.ttf */ = {isa = PBXFileReference; lastKnownFileType = file; path = NanumPen.ttf; sourceTree = "<group>"; };
		86D1BE03210C64740020F244 /* NanumGothicBold.ttf */ = {isa = PBXFileReference; lastKnownFileType = file; path = NanumGothicBold.ttf; sourceTree = "<group>"; };
		86D1BE04210C64760020F244 /* NanumBrush.ttf */ = {isa = PBXFileReference; lastKnownFileType = file; path = NanumBrush.ttf; sourceTree = "<group>"; };
		86D1BE05210C64770020F244 /* NanumGothic.ttf */ = {isa = PBXFileReference; lastKnownFileType = file; path = NanumGothic.ttf; sourceTree = "<group>"; };
		86D1BE06210C64780020F244 /* NanumMyeongjoExtraBold.ttf */ = {isa = PBXFileReference; lastKnownFileType = file; path = NanumMyeongjoExtraBold.ttf; sourceTree = "<group>"; };
		86D1BE07210C64790020F244 /* NanumMyeongjoBold.ttf */ = {isa = PBXFileReference; lastKnownFileType = file; path = NanumMyeongjoBold.ttf; sourceTree = "<group>"; };
		86D1BE08210C64790020F244 /* NanumMyeongjo.ttf */ = {isa = PBXFileReference; lastKnownFileType = file; path = NanumMyeongjo.ttf; sourceTree = "<group>"; };
		86D1BE09210C647A0020F244 /* NanumGothicExtraBold.ttf */ = {isa = PBXFileReference; lastKnownFileType = file; path = NanumGothicExtraBold.ttf; sourceTree = "<group>"; };
		86D1BE12210D5C5E0020F244 /* GameDetailViewController.swift */ = {isa = PBXFileReference; lastKnownFileType = sourcecode.swift; path = GameDetailViewController.swift; sourceTree = "<group>"; };
		86EC7DD4210470AF005802FB /* PostEditorViewController.swift */ = {isa = PBXFileReference; lastKnownFileType = sourcecode.swift; path = PostEditorViewController.swift; sourceTree = "<group>"; };
		87C20323049C8E74EAA126FB /* Pods-toyproject.debug.xcconfig */ = {isa = PBXFileReference; includeInIndex = 1; lastKnownFileType = text.xcconfig; name = "Pods-toyproject.debug.xcconfig"; path = "Pods/Target Support Files/Pods-toyproject/Pods-toyproject.debug.xcconfig"; sourceTree = "<group>"; };
		D43C0FFF8C5841BACAA043A0 /* Pods_toyproject.framework */ = {isa = PBXFileReference; explicitFileType = wrapper.framework; includeInIndex = 0; path = Pods_toyproject.framework; sourceTree = BUILT_PRODUCTS_DIR; };
		EAE3AE8F21AC9C48370A1960 /* Pods-toyproject.release.xcconfig */ = {isa = PBXFileReference; includeInIndex = 1; lastKnownFileType = text.xcconfig; name = "Pods-toyproject.release.xcconfig"; path = "Pods/Target Support Files/Pods-toyproject/Pods-toyproject.release.xcconfig"; sourceTree = "<group>"; };
/* End PBXFileReference section */

/* Begin PBXFrameworksBuildPhase section */
		8641A3B820EFB54A00BBC5A4 /* Frameworks */ = {
			isa = PBXFrameworksBuildPhase;
			buildActionMask = 2147483647;
			files = (
				C30C6C8835C7A55E3F24207D /* Pods_toyproject.framework in Frameworks */,
			);
			runOnlyForDeploymentPostprocessing = 0;
		};
/* End PBXFrameworksBuildPhase section */

/* Begin PBXGroup section */
		49A846AF8C0EED68D0F69D84 /* Pods */ = {
			isa = PBXGroup;
			children = (
				87C20323049C8E74EAA126FB /* Pods-toyproject.debug.xcconfig */,
				EAE3AE8F21AC9C48370A1960 /* Pods-toyproject.release.xcconfig */,
			);
			name = Pods;
			sourceTree = "<group>";
		};
		862C0785210DFC54001713FB /* BookViewController */ = {
			isa = PBXGroup;
			children = (
				862C0786210DFD32001713FB /* BookViewController.swift */,
				862C078821109230001713FB /* BookDetailViewController.swift */,
				8642A26621208610004509CC /* BookCell.swift */,
			);
			path = BookViewController;
			sourceTree = "<group>";
		};
		862C07932115BB2D001713FB /* MovieViewController */ = {
			isa = PBXGroup;
			children = (
				8641A3FC20F210EC00BBC5A4 /* MovieCell.swift */,
				8641A3FE20F21CA500BBC5A4 /* MovieViewController.swift */,
				862C07942116F90A001713FB /* MovieDetailViewController.swift */,
			);
			path = MovieViewController;
			sourceTree = "<group>";
		};
		862C079621173D86001713FB /* PhotoViewController */ = {
			isa = PBXGroup;
			children = (
				8641A3F820F1F83900BBC5A4 /* PhotoCell.swift */,
				8641A3FA20F1F9AB00BBC5A4 /* PinterrestLayout.swift */,
				8641A3F620F1E75B00BBC5A4 /* PhotoViewController.swift */,
				862C0798211881CF001713FB /* PhotoDetailViewController.swift */,
			);
			path = PhotoViewController;
			sourceTree = "<group>";
		};
		862C079721174A65001713FB /* Fonts */ = {
			isa = PBXGroup;
			children = (
				86D1BE04210C64760020F244 /* NanumBrush.ttf */,
				86D1BE05210C64770020F244 /* NanumGothic.ttf */,
				86D1BE03210C64740020F244 /* NanumGothicBold.ttf */,
				86D1BE09210C647A0020F244 /* NanumGothicExtraBold.ttf */,
				86D1BE08210C64790020F244 /* NanumMyeongjo.ttf */,
				86D1BE07210C64790020F244 /* NanumMyeongjoBold.ttf */,
				86D1BE06210C64780020F244 /* NanumMyeongjoExtraBold.ttf */,
				86D1BE02210C64730020F244 /* NanumPen.ttf */,
			);
			name = Fonts;
			sourceTree = "<group>";
		};
		862C079A21188D62001713FB /* ProfileViewController */ = {
			isa = PBXGroup;
			children = (
				862C079B21188DAB001713FB /* ProfileViewController.swift */,
			);
			path = ProfileViewController;
			sourceTree = "<group>";
		};
		8641A3B220EFB54A00BBC5A4 = {
			isa = PBXGroup;
			children = (
				8641A3BD20EFB54A00BBC5A4 /* toyproject */,
				8641A3BC20EFB54A00BBC5A4 /* Products */,
				49A846AF8C0EED68D0F69D84 /* Pods */,
				C24325D4C48BED4A8949AC0E /* Frameworks */,
			);
			sourceTree = "<group>";
		};
		8641A3BC20EFB54A00BBC5A4 /* Products */ = {
			isa = PBXGroup;
			children = (
				8641A3BB20EFB54A00BBC5A4 /* toyproject.app */,
			);
			name = Products;
			sourceTree = "<group>";
		};
		8641A3BD20EFB54A00BBC5A4 /* toyproject */ = {
			isa = PBXGroup;
			children = (
				06894B752172D91C00BB221A /* Assets.xcassets */,
				8642A26321204707004509CC /* ApiService */,
				865D6159211D84E1003F033D /* VideoViewController */,
				862C079A21188D62001713FB /* ProfileViewController */,
				862C079721174A65001713FB /* Fonts */,
				862C079621173D86001713FB /* PhotoViewController */,
				862C07932115BB2D001713FB /* MovieViewController */,
				862C0785210DFC54001713FB /* BookViewController */,
				86D1BDFF210C624D0020F244 /* GameViewController */,
				86BB34752107278A002351F8 /* View */,
				86BB34682105D126002351F8 /* PostEditerViewController */,
				8641A3BE20EFB54A00BBC5A4 /* AppDelegate.swift */,
				8641A3C020EFB54A00BBC5A4 /* HomeController.swift */,
				8641A3CA20EFB55000BBC5A4 /* LaunchScreen.storyboard */,
				8641A3CD20EFB55000BBC5A4 /* Info.plist */,
				8641A3C520EFB54A00BBC5A4 /* toyproject.xcdatamodeld */,
				8641A3F420F1059900BBC5A4 /* MenuBar.swift */,
				86B5675D20F38DD600D2723A /* Extensions.swift */,
				863B1FF2210432D900BDAA0A /* View.xib */,
			);
			path = toyproject;
			sourceTree = "<group>";
		};
		8642A26321204707004509CC /* ApiService */ = {
			isa = PBXGroup;
			children = (
				8642A26421204763004509CC /* ApiService.swift */,
				8642A261211FC485004509CC /* Content.swift */,
			);
			path = ApiService;
			sourceTree = "<group>";
		};
		865D6159211D84E1003F033D /* VideoViewController */ = {
			isa = PBXGroup;
			children = (
				865D615A211D86EA003F033D /* VideoDetailViewController.swift */,
				865D615C211EF8A9003F033D /* VideoCollectionViewCell.swift */,
				865D615E211EF997003F033D /* VideoCell.swift */,
			);
			path = VideoViewController;
			sourceTree = "<group>";
		};
		86BB34682105D126002351F8 /* PostEditerViewController */ = {
			isa = PBXGroup;
			children = (
				86B5675F20F4F3D800D2723A /* PostCell.swift */,
				86EC7DD4210470AF005802FB /* PostEditorViewController.swift */,
				86BB346221058EAF002351F8 /* PostEditorPhotoCollectionView.swift */,
				86BB34662105CD9E002351F8 /* PostEditorPhotoPreviewCollectionView.swift */,
			);
			path = PostEditerViewController;
			sourceTree = "<group>";
		};
		86BB34752107278A002351F8 /* View */ = {
			isa = PBXGroup;
			children = (
				86019BF420FB76100018A6CA /* PhotoEditorViewController.swift */,
				86BB3478210869E1002351F8 /* PostEditorPhotoPickerController.swift */,
			);
			path = View;
			sourceTree = "<group>";
		};
		86D1BDFF210C624D0020F244 /* GameViewController */ = {
			isa = PBXGroup;
			children = (
				86D1BE00210C62820020F244 /* GameViewController.swift */,
				86D1BE12210D5C5E0020F244 /* GameDetailViewController.swift */,
			);
			path = GameViewController;
			sourceTree = "<group>";
		};
		C24325D4C48BED4A8949AC0E /* Frameworks */ = {
			isa = PBXGroup;
			children = (
				D43C0FFF8C5841BACAA043A0 /* Pods_toyproject.framework */,
			);
			name = Frameworks;
			sourceTree = "<group>";
		};
/* End PBXGroup section */

/* Begin PBXNativeTarget section */
		8641A3BA20EFB54A00BBC5A4 /* toyproject */ = {
			isa = PBXNativeTarget;
			buildConfigurationList = 8641A3D020EFB55000BBC5A4 /* Build configuration list for PBXNativeTarget "toyproject" */;
			buildPhases = (
				AC48BF9245857133F7BC0C03 /* [CP] Check Pods Manifest.lock */,
				8641A3B720EFB54A00BBC5A4 /* Sources */,
				8641A3B820EFB54A00BBC5A4 /* Frameworks */,
				8641A3B920EFB54A00BBC5A4 /* Resources */,
				BDED03B9523E57BF22684668 /* [CP] Embed Pods Frameworks */,
			);
			buildRules = (
			);
			dependencies = (
			);
			name = toyproject;
			productName = toyproject;
			productReference = 8641A3BB20EFB54A00BBC5A4 /* toyproject.app */;
			productType = "com.apple.product-type.application";
		};
/* End PBXNativeTarget section */

/* Begin PBXProject section */
		8641A3B320EFB54A00BBC5A4 /* Project object */ = {
			isa = PBXProject;
			attributes = {
				LastSwiftUpdateCheck = 0940;
				LastUpgradeCheck = 0940;
				ORGANIZATIONNAME = sesang06;
				TargetAttributes = {
					8641A3BA20EFB54A00BBC5A4 = {
						CreatedOnToolsVersion = 9.4.1;
					};
				};
			};
			buildConfigurationList = 8641A3B620EFB54A00BBC5A4 /* Build configuration list for PBXProject "toyproject" */;
			compatibilityVersion = "Xcode 9.3";
			developmentRegion = en;
			hasScannedForEncodings = 0;
			knownRegions = (
				en,
				Base,
			);
			mainGroup = 8641A3B220EFB54A00BBC5A4;
			productRefGroup = 8641A3BC20EFB54A00BBC5A4 /* Products */;
			projectDirPath = "";
			projectRoot = "";
			targets = (
				8641A3BA20EFB54A00BBC5A4 /* toyproject */,
			);
		};
/* End PBXProject section */

/* Begin PBXResourcesBuildPhase section */
		8641A3B920EFB54A00BBC5A4 /* Resources */ = {
			isa = PBXResourcesBuildPhase;
			buildActionMask = 2147483647;
			files = (
				86D1BE11210C647A0020F244 /* NanumGothicExtraBold.ttf in Resources */,
				8641A3CC20EFB55000BBC5A4 /* LaunchScreen.storyboard in Resources */,
				06894B762172D91C00BB221A /* Assets.xcassets in Resources */,
				86D1BE0C210C647A0020F244 /* NanumBrush.ttf in Resources */,
				86D1BE0E210C647A0020F244 /* NanumMyeongjoExtraBold.ttf in Resources */,
				863B1FF3210432D900BDAA0A /* View.xib in Resources */,
				86D1BE0A210C647A0020F244 /* NanumPen.ttf in Resources */,
				86D1BE0B210C647A0020F244 /* NanumGothicBold.ttf in Resources */,
				86D1BE0F210C647A0020F244 /* NanumMyeongjoBold.ttf in Resources */,
				86D1BE10210C647A0020F244 /* NanumMyeongjo.ttf in Resources */,
				86D1BE0D210C647A0020F244 /* NanumGothic.ttf in Resources */,
			);
			runOnlyForDeploymentPostprocessing = 0;
		};
/* End PBXResourcesBuildPhase section */

/* Begin PBXShellScriptBuildPhase section */
		AC48BF9245857133F7BC0C03 /* [CP] Check Pods Manifest.lock */ = {
			isa = PBXShellScriptBuildPhase;
			buildActionMask = 2147483647;
			files = (
			);
			inputPaths = (
				"${PODS_PODFILE_DIR_PATH}/Podfile.lock",
				"${PODS_ROOT}/Manifest.lock",
			);
			name = "[CP] Check Pods Manifest.lock";
			outputPaths = (
				"$(DERIVED_FILE_DIR)/Pods-toyproject-checkManifestLockResult.txt",
			);
			runOnlyForDeploymentPostprocessing = 0;
			shellPath = /bin/sh;
			shellScript = "diff \"${PODS_PODFILE_DIR_PATH}/Podfile.lock\" \"${PODS_ROOT}/Manifest.lock\" > /dev/null\nif [ $? != 0 ] ; then\n    # print error to STDERR\n    echo \"error: The sandbox is not in sync with the Podfile.lock. Run 'pod install' or update your CocoaPods installation.\" >&2\n    exit 1\nfi\n# This output is used by Xcode 'outputs' to avoid re-running this script phase.\necho \"SUCCESS\" > \"${SCRIPT_OUTPUT_FILE_0}\"\n";
			showEnvVarsInLog = 0;
		};
		BDED03B9523E57BF22684668 /* [CP] Embed Pods Frameworks */ = {
			isa = PBXShellScriptBuildPhase;
			buildActionMask = 2147483647;
			files = (
			);
			inputPaths = (
				"${SRCROOT}/Pods/Target Support Files/Pods-toyproject/Pods-toyproject-frameworks.sh",
				"${BUILT_PRODUCTS_DIR}/Alamofire/Alamofire.framework",
				"${BUILT_PRODUCTS_DIR}/SDWebImage/SDWebImage.framework",
				"${BUILT_PRODUCTS_DIR}/SnapKit/SnapKit.framework",
				"${BUILT_PRODUCTS_DIR}/SwiftyJSON/SwiftyJSON.framework",
			);
			name = "[CP] Embed Pods Frameworks";
			outputPaths = (
				"${TARGET_BUILD_DIR}/${FRAMEWORKS_FOLDER_PATH}/Alamofire.framework",
				"${TARGET_BUILD_DIR}/${FRAMEWORKS_FOLDER_PATH}/SDWebImage.framework",
				"${TARGET_BUILD_DIR}/${FRAMEWORKS_FOLDER_PATH}/SnapKit.framework",
				"${TARGET_BUILD_DIR}/${FRAMEWORKS_FOLDER_PATH}/SwiftyJSON.framework",
			);
			runOnlyForDeploymentPostprocessing = 0;
			shellPath = /bin/sh;
			shellScript = "\"${SRCROOT}/Pods/Target Support Files/Pods-toyproject/Pods-toyproject-frameworks.sh\"\n";
			showEnvVarsInLog = 0;
		};
/* End PBXShellScriptBuildPhase section */

/* Begin PBXSourcesBuildPhase section */
		8641A3B720EFB54A00BBC5A4 /* Sources */ = {
			isa = PBXSourcesBuildPhase;
			buildActionMask = 2147483647;
			files = (
				86BB346321058EAF002351F8 /* PostEditorPhotoCollectionView.swift in Sources */,
				8641A3FD20F210EC00BBC5A4 /* MovieCell.swift in Sources */,
				865D615F211EF997003F033D /* VideoCell.swift in Sources */,
				865D615D211EF8A9003F033D /* VideoCollectionViewCell.swift in Sources */,
				86EC7DD5210470AF005802FB /* PostEditorViewController.swift in Sources */,
				865D615B211D86EA003F033D /* VideoDetailViewController.swift in Sources */,
				8641A3C120EFB54A00BBC5A4 /* HomeController.swift in Sources */,
				86019BF520FB76100018A6CA /* PhotoEditorViewController.swift in Sources */,
				8642A26721208610004509CC /* BookCell.swift in Sources */,
				86BB34672105CD9E002351F8 /* PostEditorPhotoPreviewCollectionView.swift in Sources */,
				862C079C21188DAB001713FB /* ProfileViewController.swift in Sources */,
				8641A3F720F1E75B00BBC5A4 /* PhotoViewController.swift in Sources */,
				8641A3FB20F1F9AB00BBC5A4 /* PinterrestLayout.swift in Sources */,
				8641A3FF20F21CA500BBC5A4 /* MovieViewController.swift in Sources */,
				86B5675E20F38DD600D2723A /* Extensions.swift in Sources */,
				862C078921109230001713FB /* BookDetailViewController.swift in Sources */,
				86D1BE01210C62820020F244 /* GameViewController.swift in Sources */,
				8641A3BF20EFB54A00BBC5A4 /* AppDelegate.swift in Sources */,
				86BB3479210869E1002351F8 /* PostEditorPhotoPickerController.swift in Sources */,
				8641A3F520F1059900BBC5A4 /* MenuBar.swift in Sources */,
				86B5676020F4F3D800D2723A /* PostCell.swift in Sources */,
				86D1BE13210D5C5E0020F244 /* GameDetailViewController.swift in Sources */,
				862C0799211881CF001713FB /* PhotoDetailViewController.swift in Sources */,
				8642A262211FC485004509CC /* Content.swift in Sources */,
				862C0787210DFD32001713FB /* BookViewController.swift in Sources */,
				8641A3C720EFB54A00BBC5A4 /* toyproject.xcdatamodeld in Sources */,
				862C07952116F90A001713FB /* MovieDetailViewController.swift in Sources */,
				8642A26521204763004509CC /* ApiService.swift in Sources */,
				8641A3F920F1F83900BBC5A4 /* PhotoCell.swift in Sources */,
			);
			runOnlyForDeploymentPostprocessing = 0;
		};
/* End PBXSourcesBuildPhase section */

/* Begin PBXVariantGroup section */
		8641A3CA20EFB55000BBC5A4 /* LaunchScreen.storyboard */ = {
			isa = PBXVariantGroup;
			children = (
				8641A3CB20EFB55000BBC5A4 /* Base */,
			);
			name = LaunchScreen.storyboard;
			sourceTree = "<group>";
		};
/* End PBXVariantGroup section */

/* Begin XCBuildConfiguration section */
		8641A3CE20EFB55000BBC5A4 /* Debug */ = {
			isa = XCBuildConfiguration;
			buildSettings = {
				ALWAYS_SEARCH_USER_PATHS = NO;
				CLANG_ANALYZER_NONNULL = YES;
				CLANG_ANALYZER_NUMBER_OBJECT_CONVERSION = YES_AGGRESSIVE;
				CLANG_CXX_LANGUAGE_STANDARD = "gnu++14";
				CLANG_CXX_LIBRARY = "libc++";
				CLANG_ENABLE_MODULES = YES;
				CLANG_ENABLE_OBJC_ARC = YES;
				CLANG_ENABLE_OBJC_WEAK = YES;
				CLANG_WARN_BLOCK_CAPTURE_AUTORELEASING = YES;
				CLANG_WARN_BOOL_CONVERSION = YES;
				CLANG_WARN_COMMA = YES;
				CLANG_WARN_CONSTANT_CONVERSION = YES;
				CLANG_WARN_DEPRECATED_OBJC_IMPLEMENTATIONS = YES;
				CLANG_WARN_DIRECT_OBJC_ISA_USAGE = YES_ERROR;
				CLANG_WARN_DOCUMENTATION_COMMENTS = YES;
				CLANG_WARN_EMPTY_BODY = YES;
				CLANG_WARN_ENUM_CONVERSION = YES;
				CLANG_WARN_INFINITE_RECURSION = YES;
				CLANG_WARN_INT_CONVERSION = YES;
				CLANG_WARN_NON_LITERAL_NULL_CONVERSION = YES;
				CLANG_WARN_OBJC_IMPLICIT_RETAIN_SELF = YES;
				CLANG_WARN_OBJC_LITERAL_CONVERSION = YES;
				CLANG_WARN_OBJC_ROOT_CLASS = YES_ERROR;
				CLANG_WARN_RANGE_LOOP_ANALYSIS = YES;
				CLANG_WARN_STRICT_PROTOTYPES = YES;
				CLANG_WARN_SUSPICIOUS_MOVE = YES;
				CLANG_WARN_UNGUARDED_AVAILABILITY = YES_AGGRESSIVE;
				CLANG_WARN_UNREACHABLE_CODE = YES;
				CLANG_WARN__DUPLICATE_METHOD_MATCH = YES;
				CODE_SIGN_IDENTITY = "iPhone Developer";
				COPY_PHASE_STRIP = NO;
				DEBUG_INFORMATION_FORMAT = dwarf;
				ENABLE_STRICT_OBJC_MSGSEND = YES;
				ENABLE_TESTABILITY = YES;
				GCC_C_LANGUAGE_STANDARD = gnu11;
				GCC_DYNAMIC_NO_PIC = NO;
				GCC_NO_COMMON_BLOCKS = YES;
				GCC_OPTIMIZATION_LEVEL = 0;
				GCC_PREPROCESSOR_DEFINITIONS = (
					"DEBUG=1",
					"$(inherited)",
				);
				GCC_WARN_64_TO_32_BIT_CONVERSION = YES;
				GCC_WARN_ABOUT_RETURN_TYPE = YES_ERROR;
				GCC_WARN_UNDECLARED_SELECTOR = YES;
				GCC_WARN_UNINITIALIZED_AUTOS = YES_AGGRESSIVE;
				GCC_WARN_UNUSED_FUNCTION = YES;
				GCC_WARN_UNUSED_VARIABLE = YES;
				IPHONEOS_DEPLOYMENT_TARGET = 10.0;
				MTL_ENABLE_DEBUG_INFO = YES;
				ONLY_ACTIVE_ARCH = YES;
				SDKROOT = iphoneos;
				SWIFT_ACTIVE_COMPILATION_CONDITIONS = DEBUG;
				SWIFT_OPTIMIZATION_LEVEL = "-Onone";
			};
			name = Debug;
		};
		8641A3CF20EFB55000BBC5A4 /* Release */ = {
			isa = XCBuildConfiguration;
			buildSettings = {
				ALWAYS_SEARCH_USER_PATHS = NO;
				CLANG_ANALYZER_NONNULL = YES;
				CLANG_ANALYZER_NUMBER_OBJECT_CONVERSION = YES_AGGRESSIVE;
				CLANG_CXX_LANGUAGE_STANDARD = "gnu++14";
				CLANG_CXX_LIBRARY = "libc++";
				CLANG_ENABLE_MODULES = YES;
				CLANG_ENABLE_OBJC_ARC = YES;
				CLANG_ENABLE_OBJC_WEAK = YES;
				CLANG_WARN_BLOCK_CAPTURE_AUTORELEASING = YES;
				CLANG_WARN_BOOL_CONVERSION = YES;
				CLANG_WARN_COMMA = YES;
				CLANG_WARN_CONSTANT_CONVERSION = YES;
				CLANG_WARN_DEPRECATED_OBJC_IMPLEMENTATIONS = YES;
				CLANG_WARN_DIRECT_OBJC_ISA_USAGE = YES_ERROR;
				CLANG_WARN_DOCUMENTATION_COMMENTS = YES;
				CLANG_WARN_EMPTY_BODY = YES;
				CLANG_WARN_ENUM_CONVERSION = YES;
				CLANG_WARN_INFINITE_RECURSION = YES;
				CLANG_WARN_INT_CONVERSION = YES;
				CLANG_WARN_NON_LITERAL_NULL_CONVERSION = YES;
				CLANG_WARN_OBJC_IMPLICIT_RETAIN_SELF = YES;
				CLANG_WARN_OBJC_LITERAL_CONVERSION = YES;
				CLANG_WARN_OBJC_ROOT_CLASS = YES_ERROR;
				CLANG_WARN_RANGE_LOOP_ANALYSIS = YES;
				CLANG_WARN_STRICT_PROTOTYPES = YES;
				CLANG_WARN_SUSPICIOUS_MOVE = YES;
				CLANG_WARN_UNGUARDED_AVAILABILITY = YES_AGGRESSIVE;
				CLANG_WARN_UNREACHABLE_CODE = YES;
				CLANG_WARN__DUPLICATE_METHOD_MATCH = YES;
				CODE_SIGN_IDENTITY = "iPhone Developer";
				COPY_PHASE_STRIP = NO;
				DEBUG_INFORMATION_FORMAT = "dwarf-with-dsym";
				ENABLE_NS_ASSERTIONS = NO;
				ENABLE_STRICT_OBJC_MSGSEND = YES;
				GCC_C_LANGUAGE_STANDARD = gnu11;
				GCC_NO_COMMON_BLOCKS = YES;
				GCC_WARN_64_TO_32_BIT_CONVERSION = YES;
				GCC_WARN_ABOUT_RETURN_TYPE = YES_ERROR;
				GCC_WARN_UNDECLARED_SELECTOR = YES;
				GCC_WARN_UNINITIALIZED_AUTOS = YES_AGGRESSIVE;
				GCC_WARN_UNUSED_FUNCTION = YES;
				GCC_WARN_UNUSED_VARIABLE = YES;
				IPHONEOS_DEPLOYMENT_TARGET = 10.0;
				MTL_ENABLE_DEBUG_INFO = NO;
				SDKROOT = iphoneos;
				SWIFT_COMPILATION_MODE = wholemodule;
				SWIFT_OPTIMIZATION_LEVEL = "-O";
				VALIDATE_PRODUCT = YES;
			};
			name = Release;
		};
		8641A3D120EFB55000BBC5A4 /* Debug */ = {
			isa = XCBuildConfiguration;
			baseConfigurationReference = 87C20323049C8E74EAA126FB /* Pods-toyproject.debug.xcconfig */;
			buildSettings = {
				ASSETCATALOG_COMPILER_APPICON_NAME = AppIcon;
				CODE_SIGN_IDENTITY = "iPhone Developer";
				CODE_SIGN_STYLE = Automatic;
				DEVELOPMENT_TEAM = 7GDRWN9V7N;
				INFOPLIST_FILE = toyproject/Info.plist;
				IPHONEOS_DEPLOYMENT_TARGET = 10.0;
				LD_RUNPATH_SEARCH_PATHS = (
					"$(inherited)",
					"@executable_path/Frameworks",
				);
				PRODUCT_BUNDLE_IDENTIFIER = com.sesang06.toyproject1234;
				PRODUCT_NAME = "$(TARGET_NAME)";
				PROVISIONING_PROFILE_SPECIFIER = "";
				SWIFT_VERSION = 4.0;
				TARGETED_DEVICE_FAMILY = "1,2";
			};
			name = Debug;
		};
		8641A3D220EFB55000BBC5A4 /* Release */ = {
			isa = XCBuildConfiguration;
			baseConfigurationReference = EAE3AE8F21AC9C48370A1960 /* Pods-toyproject.release.xcconfig */;
			buildSettings = {
				ASSETCATALOG_COMPILER_APPICON_NAME = AppIcon;
				CODE_SIGN_IDENTITY = "iPhone Developer";
				CODE_SIGN_STYLE = Automatic;
				DEVELOPMENT_TEAM = 7GDRWN9V7N;
				INFOPLIST_FILE = toyproject/Info.plist;
				IPHONEOS_DEPLOYMENT_TARGET = 10.0;
				LD_RUNPATH_SEARCH_PATHS = (
					"$(inherited)",
					"@executable_path/Frameworks",
				);
				PRODUCT_BUNDLE_IDENTIFIER = com.sesang06.toyproject1234;
				PRODUCT_NAME = "$(TARGET_NAME)";
				PROVISIONING_PROFILE_SPECIFIER = "";
				SWIFT_VERSION = 4.0;
				TARGETED_DEVICE_FAMILY = "1,2";
			};
			name = Release;
		};
/* End XCBuildConfiguration section */

/* Begin XCConfigurationList section */
		8641A3B620EFB54A00BBC5A4 /* Build configuration list for PBXProject "toyproject" */ = {
			isa = XCConfigurationList;
			buildConfigurations = (
				8641A3CE20EFB55000BBC5A4 /* Debug */,
				8641A3CF20EFB55000BBC5A4 /* Release */,
			);
			defaultConfigurationIsVisible = 0;
			defaultConfigurationName = Release;
		};
		8641A3D020EFB55000BBC5A4 /* Build configuration list for PBXNativeTarget "toyproject" */ = {
			isa = XCConfigurationList;
			buildConfigurations = (
				8641A3D120EFB55000BBC5A4 /* Debug */,
				8641A3D220EFB55000BBC5A4 /* Release */,
			);
			defaultConfigurationIsVisible = 0;
			defaultConfigurationName = Release;
		};
/* End XCConfigurationList section */

/* Begin XCVersionGroup section */
		8641A3C520EFB54A00BBC5A4 /* toyproject.xcdatamodeld */ = {
			isa = XCVersionGroup;
			children = (
				8641A3C620EFB54A00BBC5A4 /* toyproject.xcdatamodel */,
			);
			currentVersion = 8641A3C620EFB54A00BBC5A4 /* toyproject.xcdatamodel */;
			path = toyproject.xcdatamodeld;
			sourceTree = "<group>";
			versionGroupType = wrapper.xcdatamodel;
		};
/* End XCVersionGroup section */
	};
	rootObject = 8641A3B320EFB54A00BBC5A4 /* Project object */;
}
